<?xml version="1.0" encoding="utf-8"?>
<Project ToolsVersion="4.0" xmlns="http://schemas.microsoft.com/developer/msbuild/2003">
  <ItemGroup>
    <Filter Include="Resource Files">
      <UniqueIdentifier>{67DA6AB6-F800-4c08-8B7A-83BB121AAD01}</UniqueIdentifier>
      <Extensions>rc;ico;cur;bmp;dlg;rc2;rct;bin;rgs;gif;jpg;jpeg;jpe;resx;tiff;tif;png;wav;mfcribbon-ms</Extensions>
    </Filter>
    <Filter Include="Shaders">
      <UniqueIdentifier>{8b6c92a8-f65d-451e-80e3-d65773602b92}</UniqueIdentifier>
    </Filter>
    <Filter Include="Sprite">
      <UniqueIdentifier>{e01ebb12-d393-439d-8f55-327282a0ce93}</UniqueIdentifier>
    </Filter>
    <Filter Include="IRN">
      <UniqueIdentifier>{f2fdade4-072f-498a-9e82-8a2abe0bac6b}</UniqueIdentifier>
    </Filter>
    <Filter Include="Framework">
      <UniqueIdentifier>{f7c0e3bd-65aa-4f39-976a-724e112634ae}</UniqueIdentifier>
    </Filter>
    <Filter Include="Framework\Header Files">
      <UniqueIdentifier>{93995380-89BD-4b04-88EB-625FBE52EBFB}</UniqueIdentifier>
      <Extensions>h;hh;hpp;hxx;hm;inl;inc;xsd</Extensions>
    </Filter>
    <Filter Include="Framework\Source Files">
      <UniqueIdentifier>{4FC737F1-C7A5-4376-A066-2A32D752A2FF}</UniqueIdentifier>
      <Extensions>cpp;c;cc;cxx;def;odl;idl;hpj;bat;asm;asmx</Extensions>
    </Filter>
    <Filter Include="Framework\Adition">
      <UniqueIdentifier>{72bcaea7-527a-4de1-a42d-8ed2ddb6ce00}</UniqueIdentifier>
    </Filter>
    <Filter Include="IRN\World">
      <UniqueIdentifier>{5535bdc7-c59b-4662-90e2-736513f0d27e}</UniqueIdentifier>
    </Filter>
  </ItemGroup>
  <ItemGroup>
    <ClInclude Include="ChiliException.h">
      <Filter>Framework\Header Files</Filter>
    </ClInclude>
    <ClInclude Include="ChiliWin.h">
      <Filter>Framework\Header Files</Filter>
    </ClInclude>
    <ClInclude Include="Colors.h">
      <Filter>Framework\Header Files</Filter>
    </ClInclude>
    <ClInclude Include="COMInitializer.h">
      <Filter>Framework\Header Files</Filter>
    </ClInclude>
    <ClInclude Include="DXErr.h">
      <Filter>Framework\Header Files</Filter>
    </ClInclude>
    <ClInclude Include="Graphics.h">
      <Filter>Framework\Header Files</Filter>
    </ClInclude>
    <ClInclude Include="Keyboard.h">
      <Filter>Framework\Header Files</Filter>
    </ClInclude>
    <ClInclude Include="MainWindow.h">
      <Filter>Framework\Header Files</Filter>
    </ClInclude>
    <ClInclude Include="Mouse.h">
      <Filter>Framework\Header Files</Filter>
    </ClInclude>
    <ClInclude Include="Resource.h">
      <Filter>Framework\Header Files</Filter>
    </ClInclude>
    <ClInclude Include="Sound.h">
      <Filter>Framework\Header Files</Filter>
    </ClInclude>
    <ClInclude Include="SoundEffect.h">
      <Filter>Framework\Header Files</Filter>
    </ClInclude>
    <ClInclude Include="FrameTimer.h">
      <Filter>Framework\Adition</Filter>
    </ClInclude>
    <ClInclude Include="Rec.h">
      <Filter>Framework\Adition</Filter>
    </ClInclude>
    <ClInclude Include="Vec2.h">
      <Filter>Framework\Adition</Filter>
    </ClInclude>
    <ClInclude Include="Text.h">
      <Filter>Framework\Adition</Filter>
    </ClInclude>
    <ClInclude Include="Surface.h">
      <Filter>Framework\Adition</Filter>
    </ClInclude>
    <ClInclude Include="Game.h">
      <Filter>IRN</Filter>
    </ClInclude>
    <ClInclude Include="SurfaceCodex.h">
      <Filter>Framework\Adition</Filter>
    </ClInclude>
    <ClInclude Include="Enemy.h">
      <Filter>IRN\World</Filter>
    </ClInclude>
    <ClInclude Include="Entity.h">
      <Filter>IRN\World</Filter>
    </ClInclude>
    <ClInclude Include="Player.h">
      <Filter>IRN\World</Filter>
    </ClInclude>
    <ClInclude Include="Map.h">
      <Filter>IRN\World</Filter>
    </ClInclude>
    <ClInclude Include="Camera.h">
      <Filter>IRN\World</Filter>
    </ClInclude>
    <ClInclude Include="WorldObject.h">
      <Filter>IRN\World</Filter>
    </ClInclude>
    <ClInclude Include="SpriteEffect.h">
      <Filter>Framework\Adition</Filter>
    </ClInclude>
    <ClInclude Include="MorMath.h">
      <Filter>Framework\Adition</Filter>
    </ClInclude>
    <ClInclude Include="Bencher.h">
      <Filter>Framework\Adition</Filter>
    </ClInclude>
  </ItemGroup>
  <ItemGroup>
    <ClCompile Include="COMInitializer.cpp">
      <Filter>Framework\Source Files</Filter>
    </ClCompile>
    <ClCompile Include="DXErr.cpp">
      <Filter>Framework\Source Files</Filter>
    </ClCompile>
    <ClCompile Include="Graphics.cpp">
      <Filter>Framework\Source Files</Filter>
    </ClCompile>
    <ClCompile Include="Keyboard.cpp">
      <Filter>Framework\Source Files</Filter>
    </ClCompile>
    <ClCompile Include="Main.cpp">
      <Filter>Framework\Source Files</Filter>
    </ClCompile>
    <ClCompile Include="MainWindow.cpp">
      <Filter>Framework\Source Files</Filter>
    </ClCompile>
    <ClCompile Include="Mouse.cpp">
      <Filter>Framework\Source Files</Filter>
    </ClCompile>
    <ClCompile Include="Sound.cpp">
      <Filter>Framework\Source Files</Filter>
    </ClCompile>
    <ClCompile Include="Surface.cpp">
      <Filter>Framework\Adition</Filter>
    </ClCompile>
    <ClCompile Include="Game.cpp">
      <Filter>IRN</Filter>
    </ClCompile>
    <ClCompile Include="Enemy.cpp">
      <Filter>IRN\World</Filter>
    </ClCompile>
    <ClCompile Include="Entity.cpp">
      <Filter>IRN\World</Filter>
    </ClCompile>
    <ClCompile Include="Player.cpp">
      <Filter>IRN\World</Filter>
    </ClCompile>
    <ClCompile Include="Map.cpp">
      <Filter>IRN\World</Filter>
    </ClCompile>
    <ClCompile Include="Camera.cpp">
      <Filter>IRN\World</Filter>
    </ClCompile>
    <ClCompile Include="WorldObject.cpp">
      <Filter>IRN\World</Filter>
    </ClCompile>
    <ClCompile Include="SurfaceOD.cpp">
      <Filter>Framework\Adition</Filter>
    </ClCompile>
  </ItemGroup>
  <ItemGroup>
    <FxCompile Include="FramebufferPS.hlsl">
      <Filter>Shaders</Filter>
    </FxCompile>
    <FxCompile Include="FramebufferVS.hlsl">
      <Filter>Shaders</Filter>
    </FxCompile>
  </ItemGroup>
  <ItemGroup>
    <ResourceCompile Include="Resource.rc">
      <Filter>Resource Files</Filter>
    </ResourceCompile>
  </ItemGroup>
  <ItemGroup>
    <Image Include="Chili.ico">
      <Filter>Resource Files</Filter>
    </Image>
    <Image Include="Sprite\GrassTile.bmp">
      <Filter>Sprite</Filter>
    </Image>
    <Image Include="Sprite\Player.bmp">
      <Filter>Sprite</Filter>
    </Image>
    <Image Include="Sprite\MountainBackground.bmp">
      <Filter>Sprite</Filter>
    </Image>
    <Image Include="Sprite\FontSheet16x18.bmp">
      <Filter>Sprite</Filter>
    </Image>
  </ItemGroup>
</Project>